// !$*UTF8*$!
{
	archiveVersion = 1;
	classes = {
	};
	objectVersion = 46;
	objects = {

/* Begin PBXBuildFile section */
		125321C41F7511F0007077AC /* Kumulos+Location.h in Headers */ = {isa = PBXBuildFile; fileRef = 125321C21F7511F0007077AC /* Kumulos+Location.h */; settings = {ATTRIBUTES = (Public, ); }; };
		125321C61F7511F0007077AC /* Kumulos+Location.m in Sources */ = {isa = PBXBuildFile; fileRef = 125321C31F7511F0007077AC /* Kumulos+Location.m */; };
		12577D781FDFF01300218A06 /* KAnalyticsModel.xcdatamodeld in Sources */ = {isa = PBXBuildFile; fileRef = 12577D761FDFF01300218A06 /* KAnalyticsModel.xcdatamodeld */; };
		12577D7B1FDFF51C00218A06 /* Kumulos+Analytics.h in Headers */ = {isa = PBXBuildFile; fileRef = 12577D791FDFF51C00218A06 /* Kumulos+Analytics.h */; settings = {ATTRIBUTES = (Public, ); }; };
		12577D7C1FDFF51C00218A06 /* Kumulos+Analytics.m in Sources */ = {isa = PBXBuildFile; fileRef = 12577D7A1FDFF51C00218A06 /* Kumulos+Analytics.m */; };
		12577DB21FE018FD00218A06 /* CoreData.framework in Frameworks */ = {isa = PBXBuildFile; fileRef = 12577DB11FE018FD00218A06 /* CoreData.framework */; };
		125CA7731F8BD5160008CAA4 /* Kumulos+Crash.h in Headers */ = {isa = PBXBuildFile; fileRef = 125CA7711F8BD5160008CAA4 /* Kumulos+Crash.h */; settings = {ATTRIBUTES = (Public, ); }; };
		125CA7741F8BD5160008CAA4 /* Kumulos+Crash.h in Headers */ = {isa = PBXBuildFile; fileRef = 125CA7711F8BD5160008CAA4 /* Kumulos+Crash.h */; settings = {ATTRIBUTES = (Public, ); }; };
		125CA7751F8BD5160008CAA4 /* Kumulos+Crash.m in Sources */ = {isa = PBXBuildFile; fileRef = 125CA7721F8BD5160008CAA4 /* Kumulos+Crash.m */; };
		125CA7761F8BD5160008CAA4 /* Kumulos+Crash.m in Sources */ = {isa = PBXBuildFile; fileRef = 125CA7721F8BD5160008CAA4 /* Kumulos+Crash.m */; };
		125CA7781F8BD7CA0008CAA4 /* libz.tbd in Frameworks */ = {isa = PBXBuildFile; fileRef = 125CA7771F8BD7CA0008CAA4 /* libz.tbd */; };
		125CA77A1F8BD7D00008CAA4 /* libc++.tbd in Frameworks */ = {isa = PBXBuildFile; fileRef = 125CA7791F8BD7D00008CAA4 /* libc++.tbd */; };
		125CA77C1F8BD7DF0008CAA4 /* SystemConfiguration.framework in Frameworks */ = {isa = PBXBuildFile; fileRef = 125CA77B1F8BD7DF0008CAA4 /* SystemConfiguration.framework */; };
		125CA77E1F8BD8640008CAA4 /* KSCrash.framework in Frameworks */ = {isa = PBXBuildFile; fileRef = 125CA77D1F8BD8640008CAA4 /* KSCrash.framework */; };
		12659F681FE13C29003C31BF /* AnalyticsHelper.m in Sources */ = {isa = PBXBuildFile; fileRef = 12659F671FE13C29003C31BF /* AnalyticsHelper.m */; };
		12659F6A1FE13C3E003C31BF /* AnalyticsHelper.h in Headers */ = {isa = PBXBuildFile; fileRef = 12659F691FE13C3E003C31BF /* AnalyticsHelper.h */; };
		12735B931E4CDFEE00ED4488 /* KumulosSDK.h in Headers */ = {isa = PBXBuildFile; fileRef = 12735B921E4CDFEE00ED4488 /* KumulosSDK.h */; settings = {ATTRIBUTES = (Public, ); }; };
		12735B961E4CE00100ED4488 /* KumulosSDK.h in Headers */ = {isa = PBXBuildFile; fileRef = 12735B921E4CDFEE00ED4488 /* KumulosSDK.h */; settings = {ATTRIBUTES = (Public, ); }; };
		12735BAC1E4CE35900ED4488 /* AuthedJsonHttpClient.h in Headers */ = {isa = PBXBuildFile; fileRef = 12735B971E4CE35900ED4488 /* AuthedJsonHttpClient.h */; };
		12735BAD1E4CE35900ED4488 /* AuthedJsonHttpClient.m in Sources */ = {isa = PBXBuildFile; fileRef = 12735B981E4CE35900ED4488 /* AuthedJsonHttpClient.m */; };
		12735BAE1E4CE35900ED4488 /* KSAPIOperation.h in Headers */ = {isa = PBXBuildFile; fileRef = 12735B991E4CE35900ED4488 /* KSAPIOperation.h */; settings = {ATTRIBUTES = (Public, ); }; };
		12735BAF1E4CE35900ED4488 /* KSAPIOperation.m in Sources */ = {isa = PBXBuildFile; fileRef = 12735B9A1E4CE35900ED4488 /* KSAPIOperation.m */; };
		12735BB01E4CE35900ED4488 /* KSAPIResponse.h in Headers */ = {isa = PBXBuildFile; fileRef = 12735B9B1E4CE35900ED4488 /* KSAPIResponse.h */; settings = {ATTRIBUTES = (Public, ); }; };
		12735BB11E4CE35900ED4488 /* KSAPIResponse.m in Sources */ = {isa = PBXBuildFile; fileRef = 12735B9C1E4CE35900ED4488 /* KSAPIResponse.m */; };
		12735BB21E4CE35900ED4488 /* KSessionTokenManager.h in Headers */ = {isa = PBXBuildFile; fileRef = 12735B9D1E4CE35900ED4488 /* KSessionTokenManager.h */; };
		12735BB31E4CE35900ED4488 /* KSessionTokenManager.m in Sources */ = {isa = PBXBuildFile; fileRef = 12735B9E1E4CE35900ED4488 /* KSessionTokenManager.m */; };
		12735BB41E4CE35900ED4488 /* Kumulos.h in Headers */ = {isa = PBXBuildFile; fileRef = 12735B9F1E4CE35900ED4488 /* Kumulos.h */; settings = {ATTRIBUTES = (Public, ); }; };
		12735BB51E4CE35900ED4488 /* Kumulos.m in Sources */ = {isa = PBXBuildFile; fileRef = 12735BA01E4CE35900ED4488 /* Kumulos.m */; };
		12735BB61E4CE35900ED4488 /* Kumulos+Protected.h in Headers */ = {isa = PBXBuildFile; fileRef = 12735BA11E4CE35900ED4488 /* Kumulos+Protected.h */; };
		12735BB71E4CE35900ED4488 /* Kumulos+Push.h in Headers */ = {isa = PBXBuildFile; fileRef = 12735BA21E4CE35900ED4488 /* Kumulos+Push.h */; settings = {ATTRIBUTES = (Public, ); }; };
		12735BB81E4CE35900ED4488 /* Kumulos+Push.m in Sources */ = {isa = PBXBuildFile; fileRef = 12735BA31E4CE35900ED4488 /* Kumulos+Push.m */; };
		12735BB91E4CE35900ED4488 /* Kumulos+Stats.h in Headers */ = {isa = PBXBuildFile; fileRef = 12735BA41E4CE35900ED4488 /* Kumulos+Stats.h */; };
		12735BBA1E4CE35900ED4488 /* Kumulos+Stats.m in Sources */ = {isa = PBXBuildFile; fileRef = 12735BA51E4CE35900ED4488 /* Kumulos+Stats.m */; };
		12735BBB1E4CE35900ED4488 /* KumulosPushSubscriptionManager.h in Headers */ = {isa = PBXBuildFile; fileRef = 12735BA61E4CE35900ED4488 /* KumulosPushSubscriptionManager.h */; settings = {ATTRIBUTES = (Public, ); }; };
		12735BBD1E4CE35900ED4488 /* MobileProvision.h in Headers */ = {isa = PBXBuildFile; fileRef = 12735BA81E4CE35900ED4488 /* MobileProvision.h */; };
		12735BBF1E4CE35900ED4488 /* RpcHttpClient.h in Headers */ = {isa = PBXBuildFile; fileRef = 12735BAA1E4CE35900ED4488 /* RpcHttpClient.h */; };
		12735BCC1E4CE58400ED4488 /* AuthedJsonHttpClient.h in Headers */ = {isa = PBXBuildFile; fileRef = 12735B971E4CE35900ED4488 /* AuthedJsonHttpClient.h */; };
		12735BCD1E4CE58800ED4488 /* AuthedJsonHttpClient.m in Sources */ = {isa = PBXBuildFile; fileRef = 12735B981E4CE35900ED4488 /* AuthedJsonHttpClient.m */; };
		12735BD21E4CE58E00ED4488 /* KSAPIOperation.h in Headers */ = {isa = PBXBuildFile; fileRef = 12735B991E4CE35900ED4488 /* KSAPIOperation.h */; settings = {ATTRIBUTES = (Public, ); }; };
		12735BD41E4CE59300ED4488 /* KSAPIOperation.m in Sources */ = {isa = PBXBuildFile; fileRef = 12735B9A1E4CE35900ED4488 /* KSAPIOperation.m */; };
		12735BD61E4CE59700ED4488 /* KSAPIResponse.h in Headers */ = {isa = PBXBuildFile; fileRef = 12735B9B1E4CE35900ED4488 /* KSAPIResponse.h */; settings = {ATTRIBUTES = (Public, ); }; };
		12735BD91E4CE59C00ED4488 /* KSAPIResponse.m in Sources */ = {isa = PBXBuildFile; fileRef = 12735B9C1E4CE35900ED4488 /* KSAPIResponse.m */; };
		12735BDC1E4CE5A200ED4488 /* KSessionTokenManager.h in Headers */ = {isa = PBXBuildFile; fileRef = 12735B9D1E4CE35900ED4488 /* KSessionTokenManager.h */; };
		12735BDF1E4CE5A700ED4488 /* KSessionTokenManager.m in Sources */ = {isa = PBXBuildFile; fileRef = 12735B9E1E4CE35900ED4488 /* KSessionTokenManager.m */; };
		12735BE21E4CE5AB00ED4488 /* Kumulos.h in Headers */ = {isa = PBXBuildFile; fileRef = 12735B9F1E4CE35900ED4488 /* Kumulos.h */; settings = {ATTRIBUTES = (Public, ); }; };
		12735BE51E4CE5AF00ED4488 /* Kumulos.m in Sources */ = {isa = PBXBuildFile; fileRef = 12735BA01E4CE35900ED4488 /* Kumulos.m */; };
		12735BE81E4CE5B400ED4488 /* Kumulos+Protected.h in Headers */ = {isa = PBXBuildFile; fileRef = 12735BA11E4CE35900ED4488 /* Kumulos+Protected.h */; };
		12735BF11E4CE5C000ED4488 /* Kumulos+Stats.h in Headers */ = {isa = PBXBuildFile; fileRef = 12735BA41E4CE35900ED4488 /* Kumulos+Stats.h */; };
		12735BF41E4CE5C500ED4488 /* Kumulos+Stats.m in Sources */ = {isa = PBXBuildFile; fileRef = 12735BA51E4CE35900ED4488 /* Kumulos+Stats.m */; };
		12735BFD1E4CE5CF00ED4488 /* KumulosPushSubscriptionManager.m in Sources */ = {isa = PBXBuildFile; fileRef = 12735BA71E4CE35900ED4488 /* KumulosPushSubscriptionManager.m */; };
		12735BFE1E4CE5D300ED4488 /* MobileProvision.h in Headers */ = {isa = PBXBuildFile; fileRef = 12735BA81E4CE35900ED4488 /* MobileProvision.h */; };
		12735C011E4CE5D700ED4488 /* MobileProvision.m in Sources */ = {isa = PBXBuildFile; fileRef = 12735BA91E4CE35900ED4488 /* MobileProvision.m */; };
		12735C041E4CE5D900ED4488 /* MobileProvision.m in Sources */ = {isa = PBXBuildFile; fileRef = 12735BA91E4CE35900ED4488 /* MobileProvision.m */; };
		12735C051E4CE5DC00ED4488 /* RpcHttpClient.h in Headers */ = {isa = PBXBuildFile; fileRef = 12735BAA1E4CE35900ED4488 /* RpcHttpClient.h */; };
		12735C0A1E4CE5E200ED4488 /* RpcHttpClient.m in Sources */ = {isa = PBXBuildFile; fileRef = 12735BAB1E4CE35900ED4488 /* RpcHttpClient.m */; };
		12735C0B1E4CE5E300ED4488 /* RpcHttpClient.m in Sources */ = {isa = PBXBuildFile; fileRef = 12735BAB1E4CE35900ED4488 /* RpcHttpClient.m */; };
		129BC4E32062AD3E005AE632 /* KumulosEvents.h in Headers */ = {isa = PBXBuildFile; fileRef = 129BC4E22062AD3E005AE632 /* KumulosEvents.h */; };
		129BC4E62062AE61005AE632 /* KumulosEvents.m in Sources */ = {isa = PBXBuildFile; fileRef = 129BC4E52062AE61005AE632 /* KumulosEvents.m */; };
		12AA0B541F8BB4FF0063288E /* libz.tbd in Frameworks */ = {isa = PBXBuildFile; fileRef = 12AA0B531F8BB4FF0063288E /* libz.tbd */; };
		12AA0B561F8BB5080063288E /* libc++.tbd in Frameworks */ = {isa = PBXBuildFile; fileRef = 12AA0B551F8BB5080063288E /* libc++.tbd */; };
		12AA0B581F8BB51A0063288E /* SystemConfiguration.framework in Frameworks */ = {isa = PBXBuildFile; fileRef = 12AA0B571F8BB51A0063288E /* SystemConfiguration.framework */; };
		12AA0B5A1F8BB5200063288E /* MessageUI.framework in Frameworks */ = {isa = PBXBuildFile; fileRef = 12AA0B591F8BB5200063288E /* MessageUI.framework */; };
		12D7C6822019DBEC00A390CD /* AFNetworking.framework in Frameworks */ = {isa = PBXBuildFile; fileRef = 12D7C6832019DBEC00A390CD /* AFNetworking.framework */; };
		12D7C6842019DC4700A390CD /* AFNetworking.framework in Frameworks */ = {isa = PBXBuildFile; fileRef = 12D7C6852019DC4700A390CD /* AFNetworking.framework */; };
		12D7C6862019DC5700A390CD /* KSCrash.framework in Frameworks */ = {isa = PBXBuildFile; fileRef = 12D7C6872019DC5700A390CD /* KSCrash.framework */; };
/* End PBXBuildFile section */

/* Begin PBXFileReference section */
		125321BE1F750E1D007077AC /* AFNetworking.framework */ = {isa = PBXFileReference; lastKnownFileType = wrapper.framework; name = AFNetworking.framework; path = "Carthage/Checkouts/AFNetworking/build/Debug-iphoneos/AFNetworking.framework"; sourceTree = "<group>"; };
		125321C01F750E28007077AC /* AFNetworking.framework */ = {isa = PBXFileReference; lastKnownFileType = wrapper.framework; name = AFNetworking.framework; path = Carthage/Checkouts/AFNetworking/build/Debug/AFNetworking.framework; sourceTree = "<group>"; };
		125321C21F7511F0007077AC /* Kumulos+Location.h */ = {isa = PBXFileReference; fileEncoding = 4; lastKnownFileType = sourcecode.c.h; path = "Kumulos+Location.h"; sourceTree = "<group>"; };
		125321C31F7511F0007077AC /* Kumulos+Location.m */ = {isa = PBXFileReference; fileEncoding = 4; lastKnownFileType = sourcecode.c.objc; path = "Kumulos+Location.m"; sourceTree = "<group>"; };
		12577D771FDFF01300218A06 /* KAnalyticsModel.xcdatamodel */ = {isa = PBXFileReference; lastKnownFileType = wrapper.xcdatamodel; path = KAnalyticsModel.xcdatamodel; sourceTree = "<group>"; };
		12577D791FDFF51C00218A06 /* Kumulos+Analytics.h */ = {isa = PBXFileReference; lastKnownFileType = sourcecode.c.h; path = "Kumulos+Analytics.h"; sourceTree = "<group>"; };
		12577D7A1FDFF51C00218A06 /* Kumulos+Analytics.m */ = {isa = PBXFileReference; lastKnownFileType = sourcecode.c.objc; path = "Kumulos+Analytics.m"; sourceTree = "<group>"; };
		12577DB11FE018FD00218A06 /* CoreData.framework */ = {isa = PBXFileReference; lastKnownFileType = wrapper.framework; name = CoreData.framework; path = Platforms/iPhoneOS.platform/Developer/SDKs/iPhoneOS11.0.sdk/System/Library/Frameworks/CoreData.framework; sourceTree = DEVELOPER_DIR; };
		125CA7711F8BD5160008CAA4 /* Kumulos+Crash.h */ = {isa = PBXFileReference; fileEncoding = 4; lastKnownFileType = sourcecode.c.h; path = "Kumulos+Crash.h"; sourceTree = "<group>"; };
		125CA7721F8BD5160008CAA4 /* Kumulos+Crash.m */ = {isa = PBXFileReference; fileEncoding = 4; lastKnownFileType = sourcecode.c.objc; path = "Kumulos+Crash.m"; sourceTree = "<group>"; };
		125CA7771F8BD7CA0008CAA4 /* libz.tbd */ = {isa = PBXFileReference; lastKnownFileType = "sourcecode.text-based-dylib-definition"; name = libz.tbd; path = usr/lib/libz.tbd; sourceTree = SDKROOT; };
		125CA7791F8BD7D00008CAA4 /* libc++.tbd */ = {isa = PBXFileReference; lastKnownFileType = "sourcecode.text-based-dylib-definition"; name = "libc++.tbd"; path = "usr/lib/libc++.tbd"; sourceTree = SDKROOT; };
		125CA77B1F8BD7DF0008CAA4 /* SystemConfiguration.framework */ = {isa = PBXFileReference; lastKnownFileType = wrapper.framework; name = SystemConfiguration.framework; path = System/Library/Frameworks/SystemConfiguration.framework; sourceTree = SDKROOT; };
		125CA77D1F8BD8640008CAA4 /* KSCrash.framework */ = {isa = PBXFileReference; lastKnownFileType = wrapper.framework; name = KSCrash.framework; path = "../../Library/Developer/Xcode/DerivedData/KumulosSDK-brqrezsayxilfmgstvywbeekkicf/Build/Products/Debug/KSCrash.framework"; sourceTree = "<group>"; };
		12659F671FE13C29003C31BF /* AnalyticsHelper.m */ = {isa = PBXFileReference; lastKnownFileType = sourcecode.c.objc; path = AnalyticsHelper.m; sourceTree = "<group>"; };
		12659F691FE13C3E003C31BF /* AnalyticsHelper.h */ = {isa = PBXFileReference; lastKnownFileType = sourcecode.c.h; path = AnalyticsHelper.h; sourceTree = "<group>"; };
		12735B4A1E4CDD3100ED4488 /* KumulosSDK.framework */ = {isa = PBXFileReference; explicitFileType = wrapper.framework; includeInIndex = 0; path = KumulosSDK.framework; sourceTree = BUILT_PRODUCTS_DIR; };
		12735B811E4CDDB500ED4488 /* KumulosSDK.framework */ = {isa = PBXFileReference; explicitFileType = wrapper.framework; includeInIndex = 0; path = KumulosSDK.framework; sourceTree = BUILT_PRODUCTS_DIR; };
		12735B8E1E4CDEAF00ED4488 /* Info-iOS.plist */ = {isa = PBXFileReference; lastKnownFileType = text.plist.xml; path = "Info-iOS.plist"; sourceTree = "<group>"; };
		12735B8F1E4CDEAF00ED4488 /* Info-macOS.plist */ = {isa = PBXFileReference; lastKnownFileType = text.plist.xml; path = "Info-macOS.plist"; sourceTree = "<group>"; };
		12735B921E4CDFEE00ED4488 /* KumulosSDK.h */ = {isa = PBXFileReference; fileEncoding = 4; lastKnownFileType = sourcecode.c.h; path = KumulosSDK.h; sourceTree = "<group>"; };
		12735B971E4CE35900ED4488 /* AuthedJsonHttpClient.h */ = {isa = PBXFileReference; fileEncoding = 4; lastKnownFileType = sourcecode.c.h; path = AuthedJsonHttpClient.h; sourceTree = "<group>"; };
		12735B981E4CE35900ED4488 /* AuthedJsonHttpClient.m */ = {isa = PBXFileReference; fileEncoding = 4; lastKnownFileType = sourcecode.c.objc; path = AuthedJsonHttpClient.m; sourceTree = "<group>"; };
		12735B991E4CE35900ED4488 /* KSAPIOperation.h */ = {isa = PBXFileReference; fileEncoding = 4; lastKnownFileType = sourcecode.c.h; path = KSAPIOperation.h; sourceTree = "<group>"; };
		12735B9A1E4CE35900ED4488 /* KSAPIOperation.m */ = {isa = PBXFileReference; fileEncoding = 4; lastKnownFileType = sourcecode.c.objc; path = KSAPIOperation.m; sourceTree = "<group>"; };
		12735B9B1E4CE35900ED4488 /* KSAPIResponse.h */ = {isa = PBXFileReference; fileEncoding = 4; lastKnownFileType = sourcecode.c.h; path = KSAPIResponse.h; sourceTree = "<group>"; };
		12735B9C1E4CE35900ED4488 /* KSAPIResponse.m */ = {isa = PBXFileReference; fileEncoding = 4; lastKnownFileType = sourcecode.c.objc; path = KSAPIResponse.m; sourceTree = "<group>"; };
		12735B9D1E4CE35900ED4488 /* KSessionTokenManager.h */ = {isa = PBXFileReference; fileEncoding = 4; lastKnownFileType = sourcecode.c.h; path = KSessionTokenManager.h; sourceTree = "<group>"; };
		12735B9E1E4CE35900ED4488 /* KSessionTokenManager.m */ = {isa = PBXFileReference; fileEncoding = 4; lastKnownFileType = sourcecode.c.objc; path = KSessionTokenManager.m; sourceTree = "<group>"; };
		12735B9F1E4CE35900ED4488 /* Kumulos.h */ = {isa = PBXFileReference; fileEncoding = 4; lastKnownFileType = sourcecode.c.h; path = Kumulos.h; sourceTree = "<group>"; };
		12735BA01E4CE35900ED4488 /* Kumulos.m */ = {isa = PBXFileReference; fileEncoding = 4; lastKnownFileType = sourcecode.c.objc; path = Kumulos.m; sourceTree = "<group>"; };
		12735BA11E4CE35900ED4488 /* Kumulos+Protected.h */ = {isa = PBXFileReference; fileEncoding = 4; lastKnownFileType = sourcecode.c.h; path = "Kumulos+Protected.h"; sourceTree = "<group>"; };
		12735BA21E4CE35900ED4488 /* Kumulos+Push.h */ = {isa = PBXFileReference; fileEncoding = 4; lastKnownFileType = sourcecode.c.h; path = "Kumulos+Push.h"; sourceTree = "<group>"; };
		12735BA31E4CE35900ED4488 /* Kumulos+Push.m */ = {isa = PBXFileReference; fileEncoding = 4; lastKnownFileType = sourcecode.c.objc; path = "Kumulos+Push.m"; sourceTree = "<group>"; };
		12735BA41E4CE35900ED4488 /* Kumulos+Stats.h */ = {isa = PBXFileReference; fileEncoding = 4; lastKnownFileType = sourcecode.c.h; path = "Kumulos+Stats.h"; sourceTree = "<group>"; };
		12735BA51E4CE35900ED4488 /* Kumulos+Stats.m */ = {isa = PBXFileReference; fileEncoding = 4; lastKnownFileType = sourcecode.c.objc; path = "Kumulos+Stats.m"; sourceTree = "<group>"; };
		12735BA61E4CE35900ED4488 /* KumulosPushSubscriptionManager.h */ = {isa = PBXFileReference; fileEncoding = 4; lastKnownFileType = sourcecode.c.h; path = KumulosPushSubscriptionManager.h; sourceTree = "<group>"; };
		12735BA71E4CE35900ED4488 /* KumulosPushSubscriptionManager.m */ = {isa = PBXFileReference; fileEncoding = 4; lastKnownFileType = sourcecode.c.objc; path = KumulosPushSubscriptionManager.m; sourceTree = "<group>"; };
		12735BA81E4CE35900ED4488 /* MobileProvision.h */ = {isa = PBXFileReference; fileEncoding = 4; lastKnownFileType = sourcecode.c.h; path = MobileProvision.h; sourceTree = "<group>"; };
		12735BA91E4CE35900ED4488 /* MobileProvision.m */ = {isa = PBXFileReference; fileEncoding = 4; lastKnownFileType = sourcecode.c.objc; path = MobileProvision.m; sourceTree = "<group>"; };
		12735BAA1E4CE35900ED4488 /* RpcHttpClient.h */ = {isa = PBXFileReference; fileEncoding = 4; lastKnownFileType = sourcecode.c.h; path = RpcHttpClient.h; sourceTree = "<group>"; };
		12735BAB1E4CE35900ED4488 /* RpcHttpClient.m */ = {isa = PBXFileReference; fileEncoding = 4; lastKnownFileType = sourcecode.c.objc; path = RpcHttpClient.m; sourceTree = "<group>"; };
		129BC4E22062AD3E005AE632 /* KumulosEvents.h */ = {isa = PBXFileReference; lastKnownFileType = sourcecode.c.h; path = KumulosEvents.h; sourceTree = "<group>"; };
		129BC4E52062AE61005AE632 /* KumulosEvents.m */ = {isa = PBXFileReference; lastKnownFileType = sourcecode.c.objc; path = KumulosEvents.m; sourceTree = "<group>"; };
		12AA0B511F8BB4C00063288E /* KSCrash.framework */ = {isa = PBXFileReference; lastKnownFileType = wrapper.framework; name = KSCrash.framework; path = "Carthage/Checkouts/KSCrash/iOS/build/Debug-iphoneos/KSCrash.framework"; sourceTree = "<group>"; };
		12AA0B531F8BB4FF0063288E /* libz.tbd */ = {isa = PBXFileReference; lastKnownFileType = "sourcecode.text-based-dylib-definition"; name = libz.tbd; path = Platforms/iPhoneOS.platform/Developer/SDKs/iPhoneOS10.3.sdk/usr/lib/libz.tbd; sourceTree = DEVELOPER_DIR; };
		12AA0B551F8BB5080063288E /* libc++.tbd */ = {isa = PBXFileReference; lastKnownFileType = "sourcecode.text-based-dylib-definition"; name = "libc++.tbd"; path = "Platforms/iPhoneOS.platform/Developer/SDKs/iPhoneOS10.3.sdk/usr/lib/libc++.tbd"; sourceTree = DEVELOPER_DIR; };
		12AA0B571F8BB51A0063288E /* SystemConfiguration.framework */ = {isa = PBXFileReference; lastKnownFileType = wrapper.framework; name = SystemConfiguration.framework; path = Platforms/iPhoneOS.platform/Developer/SDKs/iPhoneOS10.3.sdk/System/Library/Frameworks/SystemConfiguration.framework; sourceTree = DEVELOPER_DIR; };
		12AA0B591F8BB5200063288E /* MessageUI.framework */ = {isa = PBXFileReference; lastKnownFileType = wrapper.framework; name = MessageUI.framework; path = Platforms/iPhoneOS.platform/Developer/SDKs/iPhoneOS10.3.sdk/System/Library/Frameworks/MessageUI.framework; sourceTree = DEVELOPER_DIR; };
		12D7C6832019DBEC00A390CD /* AFNetworking.framework */ = {isa = PBXFileReference; explicitFileType = wrapper.framework; path = AFNetworking.framework; sourceTree = BUILT_PRODUCTS_DIR; };
		12D7C6852019DC4700A390CD /* AFNetworking.framework */ = {isa = PBXFileReference; explicitFileType = wrapper.framework; path = AFNetworking.framework; sourceTree = BUILT_PRODUCTS_DIR; };
		12D7C6872019DC5700A390CD /* KSCrash.framework */ = {isa = PBXFileReference; explicitFileType = wrapper.framework; path = KSCrash.framework; sourceTree = BUILT_PRODUCTS_DIR; };
/* End PBXFileReference section */

/* Begin PBXFrameworksBuildPhase section */
		12735B461E4CDD3100ED4488 /* Frameworks */ = {
			isa = PBXFrameworksBuildPhase;
			buildActionMask = 2147483647;
			files = (
				12D7C6862019DC5700A390CD /* KSCrash.framework in Frameworks */,
				12D7C6842019DC4700A390CD /* AFNetworking.framework in Frameworks */,
				12577DB21FE018FD00218A06 /* CoreData.framework in Frameworks */,
				12AA0B5A1F8BB5200063288E /* MessageUI.framework in Frameworks */,
				12AA0B581F8BB51A0063288E /* SystemConfiguration.framework in Frameworks */,
				12AA0B561F8BB5080063288E /* libc++.tbd in Frameworks */,
				12AA0B541F8BB4FF0063288E /* libz.tbd in Frameworks */,
			);
			runOnlyForDeploymentPostprocessing = 0;
		};
		12735B7D1E4CDDB500ED4488 /* Frameworks */ = {
			isa = PBXFrameworksBuildPhase;
			buildActionMask = 2147483647;
			files = (
				12D7C6822019DBEC00A390CD /* AFNetworking.framework in Frameworks */,
				125CA77E1F8BD8640008CAA4 /* KSCrash.framework in Frameworks */,
				125CA77C1F8BD7DF0008CAA4 /* SystemConfiguration.framework in Frameworks */,
				125CA77A1F8BD7D00008CAA4 /* libc++.tbd in Frameworks */,
				125CA7781F8BD7CA0008CAA4 /* libz.tbd in Frameworks */,
			);
			runOnlyForDeploymentPostprocessing = 0;
		};
/* End PBXFrameworksBuildPhase section */

/* Begin PBXGroup section */
		12735B3E1E4CDCA700ED4488 = {
			isa = PBXGroup;
			children = (
				12735B8D1E4CDEAF00ED4488 /* Sources */,
				12735B4B1E4CDD3100ED4488 /* Products */,
				12735BC11E4CE4E800ED4488 /* Frameworks */,
			);
			sourceTree = "<group>";
		};
		12735B4B1E4CDD3100ED4488 /* Products */ = {
			isa = PBXGroup;
			children = (
				12735B4A1E4CDD3100ED4488 /* KumulosSDK.framework */,
				12735B811E4CDDB500ED4488 /* KumulosSDK.framework */,
			);
			name = Products;
			sourceTree = "<group>";
		};
		12735B8D1E4CDEAF00ED4488 /* Sources */ = {
			isa = PBXGroup;
			children = (
				12735B971E4CE35900ED4488 /* AuthedJsonHttpClient.h */,
				12735B981E4CE35900ED4488 /* AuthedJsonHttpClient.m */,
				12735B991E4CE35900ED4488 /* KSAPIOperation.h */,
				12735B9A1E4CE35900ED4488 /* KSAPIOperation.m */,
				12735B9B1E4CE35900ED4488 /* KSAPIResponse.h */,
				12735B9C1E4CE35900ED4488 /* KSAPIResponse.m */,
				12735B9D1E4CE35900ED4488 /* KSessionTokenManager.h */,
				12735B9E1E4CE35900ED4488 /* KSessionTokenManager.m */,
				12735B9F1E4CE35900ED4488 /* Kumulos.h */,
				12735BA01E4CE35900ED4488 /* Kumulos.m */,
				12735BA11E4CE35900ED4488 /* Kumulos+Protected.h */,
				12735BA21E4CE35900ED4488 /* Kumulos+Push.h */,
				12735BA31E4CE35900ED4488 /* Kumulos+Push.m */,
				12735BA41E4CE35900ED4488 /* Kumulos+Stats.h */,
				12735BA51E4CE35900ED4488 /* Kumulos+Stats.m */,
				12735BA61E4CE35900ED4488 /* KumulosPushSubscriptionManager.h */,
				12735BA71E4CE35900ED4488 /* KumulosPushSubscriptionManager.m */,
				12735BA81E4CE35900ED4488 /* MobileProvision.h */,
				12735BA91E4CE35900ED4488 /* MobileProvision.m */,
				12735BAA1E4CE35900ED4488 /* RpcHttpClient.h */,
				12735BAB1E4CE35900ED4488 /* RpcHttpClient.m */,
				12735B921E4CDFEE00ED4488 /* KumulosSDK.h */,
				12735B8E1E4CDEAF00ED4488 /* Info-iOS.plist */,
				12735B8F1E4CDEAF00ED4488 /* Info-macOS.plist */,
				125321C21F7511F0007077AC /* Kumulos+Location.h */,
				125321C31F7511F0007077AC /* Kumulos+Location.m */,
				125CA7711F8BD5160008CAA4 /* Kumulos+Crash.h */,
				125CA7721F8BD5160008CAA4 /* Kumulos+Crash.m */,
				12577D761FDFF01300218A06 /* KAnalyticsModel.xcdatamodeld */,
				12577D791FDFF51C00218A06 /* Kumulos+Analytics.h */,
				12577D7A1FDFF51C00218A06 /* Kumulos+Analytics.m */,
				12659F691FE13C3E003C31BF /* AnalyticsHelper.h */,
				12659F671FE13C29003C31BF /* AnalyticsHelper.m */,
				129BC4E22062AD3E005AE632 /* KumulosEvents.h */,
				129BC4E52062AE61005AE632 /* KumulosEvents.m */,
			);
			path = Sources;
			sourceTree = "<group>";
		};
		12735BC11E4CE4E800ED4488 /* Frameworks */ = {
			isa = PBXGroup;
			children = (
				12D7C6872019DC5700A390CD /* KSCrash.framework */,
				12D7C6852019DC4700A390CD /* AFNetworking.framework */,
				12D7C6832019DBEC00A390CD /* AFNetworking.framework */,
				12577DB11FE018FD00218A06 /* CoreData.framework */,
				125CA77D1F8BD8640008CAA4 /* KSCrash.framework */,
				125CA77B1F8BD7DF0008CAA4 /* SystemConfiguration.framework */,
				125CA7791F8BD7D00008CAA4 /* libc++.tbd */,
				125CA7771F8BD7CA0008CAA4 /* libz.tbd */,
				12AA0B591F8BB5200063288E /* MessageUI.framework */,
				12AA0B571F8BB51A0063288E /* SystemConfiguration.framework */,
				12AA0B551F8BB5080063288E /* libc++.tbd */,
				12AA0B531F8BB4FF0063288E /* libz.tbd */,
				12AA0B511F8BB4C00063288E /* KSCrash.framework */,
				125321C01F750E28007077AC /* AFNetworking.framework */,
				125321BE1F750E1D007077AC /* AFNetworking.framework */,
			);
			name = Frameworks;
			sourceTree = "<group>";
		};
/* End PBXGroup section */

/* Begin PBXHeadersBuildPhase section */
		12735B471E4CDD3100ED4488 /* Headers */ = {
			isa = PBXHeadersBuildPhase;
			buildActionMask = 2147483647;
			files = (
				129BC4E32062AD3E005AE632 /* KumulosEvents.h in Headers */,
				12735BBB1E4CE35900ED4488 /* KumulosPushSubscriptionManager.h in Headers */,
				12735BBD1E4CE35900ED4488 /* MobileProvision.h in Headers */,
				12577D7B1FDFF51C00218A06 /* Kumulos+Analytics.h in Headers */,
				12735BB91E4CE35900ED4488 /* Kumulos+Stats.h in Headers */,
				12735BB01E4CE35900ED4488 /* KSAPIResponse.h in Headers */,
				125321C41F7511F0007077AC /* Kumulos+Location.h in Headers */,
				12735BB41E4CE35900ED4488 /* Kumulos.h in Headers */,
				12735BAE1E4CE35900ED4488 /* KSAPIOperation.h in Headers */,
				125CA7731F8BD5160008CAA4 /* Kumulos+Crash.h in Headers */,
				12735BB61E4CE35900ED4488 /* Kumulos+Protected.h in Headers */,
				12735BB21E4CE35900ED4488 /* KSessionTokenManager.h in Headers */,
				12735BAC1E4CE35900ED4488 /* AuthedJsonHttpClient.h in Headers */,
				12735BBF1E4CE35900ED4488 /* RpcHttpClient.h in Headers */,
				12735B931E4CDFEE00ED4488 /* KumulosSDK.h in Headers */,
				12735BB71E4CE35900ED4488 /* Kumulos+Push.h in Headers */,
				12659F6A1FE13C3E003C31BF /* AnalyticsHelper.h in Headers */,
			);
			runOnlyForDeploymentPostprocessing = 0;
		};
		12735B7E1E4CDDB500ED4488 /* Headers */ = {
			isa = PBXHeadersBuildPhase;
			buildActionMask = 2147483647;
			files = (
				12735BFE1E4CE5D300ED4488 /* MobileProvision.h in Headers */,
				12735BF11E4CE5C000ED4488 /* Kumulos+Stats.h in Headers */,
				12735BD61E4CE59700ED4488 /* KSAPIResponse.h in Headers */,
				12735BE21E4CE5AB00ED4488 /* Kumulos.h in Headers */,
				12735BD21E4CE58E00ED4488 /* KSAPIOperation.h in Headers */,
				12735BE81E4CE5B400ED4488 /* Kumulos+Protected.h in Headers */,
				12735BDC1E4CE5A200ED4488 /* KSessionTokenManager.h in Headers */,
				12735BCC1E4CE58400ED4488 /* AuthedJsonHttpClient.h in Headers */,
				12735C051E4CE5DC00ED4488 /* RpcHttpClient.h in Headers */,
				125CA7741F8BD5160008CAA4 /* Kumulos+Crash.h in Headers */,
				12735B961E4CE00100ED4488 /* KumulosSDK.h in Headers */,
			);
			runOnlyForDeploymentPostprocessing = 0;
		};
/* End PBXHeadersBuildPhase section */

/* Begin PBXNativeTarget section */
		12735B491E4CDD3100ED4488 /* KumulosSDK iOS */ = {
			isa = PBXNativeTarget;
			buildConfigurationList = 12735B5C1E4CDD3100ED4488 /* Build configuration list for PBXNativeTarget "KumulosSDK iOS" */;
			buildPhases = (
				12735B451E4CDD3100ED4488 /* Sources */,
				12735B461E4CDD3100ED4488 /* Frameworks */,
				12735B471E4CDD3100ED4488 /* Headers */,
				12735B481E4CDD3100ED4488 /* Resources */,
			);
			buildRules = (
			);
			dependencies = (
			);
			name = "KumulosSDK iOS";
			productName = "KumulosSDK iOS";
			productReference = 12735B4A1E4CDD3100ED4488 /* KumulosSDK.framework */;
			productType = "com.apple.product-type.framework";
		};
		12735B801E4CDDB500ED4488 /* KumulosSDK macOS */ = {
			isa = PBXNativeTarget;
			buildConfigurationList = 12735B861E4CDDB500ED4488 /* Build configuration list for PBXNativeTarget "KumulosSDK macOS" */;
			buildPhases = (
				12735B7C1E4CDDB500ED4488 /* Sources */,
				12735B7D1E4CDDB500ED4488 /* Frameworks */,
				12735B7E1E4CDDB500ED4488 /* Headers */,
				12735B7F1E4CDDB500ED4488 /* Resources */,
			);
			buildRules = (
			);
			dependencies = (
			);
			name = "KumulosSDK macOS";
			productName = "KumulosSDK macOS";
			productReference = 12735B811E4CDDB500ED4488 /* KumulosSDK.framework */;
			productType = "com.apple.product-type.framework";
		};
/* End PBXNativeTarget section */

/* Begin PBXProject section */
		12735B3F1E4CDCA700ED4488 /* Project object */ = {
			isa = PBXProject;
			attributes = {
				LastUpgradeCheck = 0940;
				TargetAttributes = {
					12735B491E4CDD3100ED4488 = {
						CreatedOnToolsVersion = 8.2.1;
						ProvisioningStyle = Automatic;
					};
					12735B801E4CDDB500ED4488 = {
						CreatedOnToolsVersion = 8.2.1;
						ProvisioningStyle = Automatic;
					};
				};
			};
			buildConfigurationList = 12735B421E4CDCA700ED4488 /* Build configuration list for PBXProject "KumulosSDK" */;
			compatibilityVersion = "Xcode 3.2";
			developmentRegion = English;
			hasScannedForEncodings = 0;
			knownRegions = (
				en,
			);
			mainGroup = 12735B3E1E4CDCA700ED4488;
			productRefGroup = 12735B4B1E4CDD3100ED4488 /* Products */;
			projectDirPath = "";
			projectRoot = "";
			targets = (
				12735B491E4CDD3100ED4488 /* KumulosSDK iOS */,
				12735B801E4CDDB500ED4488 /* KumulosSDK macOS */,
			);
		};
/* End PBXProject section */

/* Begin PBXResourcesBuildPhase section */
		12735B481E4CDD3100ED4488 /* Resources */ = {
			isa = PBXResourcesBuildPhase;
			buildActionMask = 2147483647;
			files = (
			);
			runOnlyForDeploymentPostprocessing = 0;
		};
		12735B7F1E4CDDB500ED4488 /* Resources */ = {
			isa = PBXResourcesBuildPhase;
			buildActionMask = 2147483647;
			files = (
			);
			runOnlyForDeploymentPostprocessing = 0;
		};
/* End PBXResourcesBuildPhase section */

/* Begin PBXSourcesBuildPhase section */
		12735B451E4CDD3100ED4488 /* Sources */ = {
			isa = PBXSourcesBuildPhase;
			buildActionMask = 2147483647;
			files = (
				12577D781FDFF01300218A06 /* KAnalyticsModel.xcdatamodeld in Sources */,
				12735BFD1E4CE5CF00ED4488 /* KumulosPushSubscriptionManager.m in Sources */,
				12735BB51E4CE35900ED4488 /* Kumulos.m in Sources */,
				125CA7751F8BD5160008CAA4 /* Kumulos+Crash.m in Sources */,
				12735BB31E4CE35900ED4488 /* KSessionTokenManager.m in Sources */,
				12735BAF1E4CE35900ED4488 /* KSAPIOperation.m in Sources */,
				12577D7C1FDFF51C00218A06 /* Kumulos+Analytics.m in Sources */,
				12735C0B1E4CE5E300ED4488 /* RpcHttpClient.m in Sources */,
				125321C61F7511F0007077AC /* Kumulos+Location.m in Sources */,
				12735C041E4CE5D900ED4488 /* MobileProvision.m in Sources */,
				12735BB11E4CE35900ED4488 /* KSAPIResponse.m in Sources */,
				12735BB81E4CE35900ED4488 /* Kumulos+Push.m in Sources */,
				12735BBA1E4CE35900ED4488 /* Kumulos+Stats.m in Sources */,
				12735BAD1E4CE35900ED4488 /* AuthedJsonHttpClient.m in Sources */,
				12659F681FE13C29003C31BF /* AnalyticsHelper.m in Sources */,
				129BC4E62062AE61005AE632 /* KumulosEvents.m in Sources */,
			);
			runOnlyForDeploymentPostprocessing = 0;
		};
		12735B7C1E4CDDB500ED4488 /* Sources */ = {
			isa = PBXSourcesBuildPhase;
			buildActionMask = 2147483647;
			files = (
				12735BE51E4CE5AF00ED4488 /* Kumulos.m in Sources */,
				12735BDF1E4CE5A700ED4488 /* KSessionTokenManager.m in Sources */,
				125CA7761F8BD5160008CAA4 /* Kumulos+Crash.m in Sources */,
				12735BD41E4CE59300ED4488 /* KSAPIOperation.m in Sources */,
				12735C011E4CE5D700ED4488 /* MobileProvision.m in Sources */,
				12735C0A1E4CE5E200ED4488 /* RpcHttpClient.m in Sources */,
				12735BD91E4CE59C00ED4488 /* KSAPIResponse.m in Sources */,
				12735BF41E4CE5C500ED4488 /* Kumulos+Stats.m in Sources */,
				12735BCD1E4CE58800ED4488 /* AuthedJsonHttpClient.m in Sources */,
			);
			runOnlyForDeploymentPostprocessing = 0;
		};
/* End PBXSourcesBuildPhase section */

/* Begin XCBuildConfiguration section */
		12735B431E4CDCA700ED4488 /* Debug */ = {
			isa = XCBuildConfiguration;
			buildSettings = {
				CLANG_WARN_BLOCK_CAPTURE_AUTORELEASING = YES;
				CLANG_WARN_BOOL_CONVERSION = YES;
				CLANG_WARN_COMMA = YES;
				CLANG_WARN_CONSTANT_CONVERSION = YES;
				CLANG_WARN_DEPRECATED_OBJC_IMPLEMENTATIONS = YES;
				CLANG_WARN_EMPTY_BODY = YES;
				CLANG_WARN_ENUM_CONVERSION = YES;
				CLANG_WARN_INFINITE_RECURSION = YES;
				CLANG_WARN_INT_CONVERSION = YES;
				CLANG_WARN_NON_LITERAL_NULL_CONVERSION = YES;
				CLANG_WARN_OBJC_IMPLICIT_RETAIN_SELF = YES;
				CLANG_WARN_OBJC_LITERAL_CONVERSION = YES;
				CLANG_WARN_RANGE_LOOP_ANALYSIS = YES;
				CLANG_WARN_STRICT_PROTOTYPES = YES;
				CLANG_WARN_SUSPICIOUS_MOVE = YES;
				CLANG_WARN_UNREACHABLE_CODE = YES;
				CLANG_WARN__DUPLICATE_METHOD_MATCH = YES;
				ENABLE_STRICT_OBJC_MSGSEND = YES;
				ENABLE_TESTABILITY = YES;
				GCC_NO_COMMON_BLOCKS = YES;
				GCC_WARN_64_TO_32_BIT_CONVERSION = YES;
				GCC_WARN_ABOUT_RETURN_TYPE = YES;
				GCC_WARN_UNDECLARED_SELECTOR = YES;
				GCC_WARN_UNINITIALIZED_AUTOS = YES;
				GCC_WARN_UNUSED_FUNCTION = YES;
				GCC_WARN_UNUSED_VARIABLE = YES;
				IPHONEOS_DEPLOYMENT_TARGET = 8.0;
				ONLY_ACTIVE_ARCH = YES;
				OTHER_LDFLAGS = "-ObjC";
			};
			name = Debug;
		};
		12735B441E4CDCA700ED4488 /* Release */ = {
			isa = XCBuildConfiguration;
			buildSettings = {
				CLANG_WARN_BLOCK_CAPTURE_AUTORELEASING = YES;
				CLANG_WARN_BOOL_CONVERSION = YES;
				CLANG_WARN_COMMA = YES;
				CLANG_WARN_CONSTANT_CONVERSION = YES;
				CLANG_WARN_DEPRECATED_OBJC_IMPLEMENTATIONS = YES;
				CLANG_WARN_EMPTY_BODY = YES;
				CLANG_WARN_ENUM_CONVERSION = YES;
				CLANG_WARN_INFINITE_RECURSION = YES;
				CLANG_WARN_INT_CONVERSION = YES;
				CLANG_WARN_NON_LITERAL_NULL_CONVERSION = YES;
				CLANG_WARN_OBJC_IMPLICIT_RETAIN_SELF = YES;
				CLANG_WARN_OBJC_LITERAL_CONVERSION = YES;
				CLANG_WARN_RANGE_LOOP_ANALYSIS = YES;
				CLANG_WARN_STRICT_PROTOTYPES = YES;
				CLANG_WARN_SUSPICIOUS_MOVE = YES;
				CLANG_WARN_UNREACHABLE_CODE = YES;
				CLANG_WARN__DUPLICATE_METHOD_MATCH = YES;
				ENABLE_STRICT_OBJC_MSGSEND = YES;
				GCC_NO_COMMON_BLOCKS = YES;
				GCC_WARN_64_TO_32_BIT_CONVERSION = YES;
				GCC_WARN_ABOUT_RETURN_TYPE = YES;
				GCC_WARN_UNDECLARED_SELECTOR = YES;
				GCC_WARN_UNINITIALIZED_AUTOS = YES;
				GCC_WARN_UNUSED_FUNCTION = YES;
				GCC_WARN_UNUSED_VARIABLE = YES;
				IPHONEOS_DEPLOYMENT_TARGET = 8.0;
				OTHER_LDFLAGS = "-ObjC";
			};
			name = Release;
		};
		12735B5D1E4CDD3100ED4488 /* Debug */ = {
			isa = XCBuildConfiguration;
			buildSettings = {
				ALWAYS_SEARCH_USER_PATHS = NO;
				CLANG_ANALYZER_NONNULL = YES;
				CLANG_CXX_LANGUAGE_STANDARD = "gnu++0x";
				CLANG_CXX_LIBRARY = "libc++";
				CLANG_ENABLE_MODULES = YES;
				CLANG_ENABLE_OBJC_ARC = YES;
				CLANG_WARN_BOOL_CONVERSION = YES;
				CLANG_WARN_CONSTANT_CONVERSION = YES;
				CLANG_WARN_DIRECT_OBJC_ISA_USAGE = YES_ERROR;
				CLANG_WARN_DOCUMENTATION_COMMENTS = YES;
				CLANG_WARN_EMPTY_BODY = YES;
				CLANG_WARN_ENUM_CONVERSION = YES;
				CLANG_WARN_INFINITE_RECURSION = YES;
				CLANG_WARN_INT_CONVERSION = YES;
				CLANG_WARN_OBJC_ROOT_CLASS = YES_ERROR;
				CLANG_WARN_SUSPICIOUS_MOVE = YES;
				CLANG_WARN_UNGUARDED_AVAILABILITY = YES_AGGRESSIVE;
				CLANG_WARN_UNREACHABLE_CODE = YES;
				CLANG_WARN__DUPLICATE_METHOD_MATCH = YES;
				COPY_PHASE_STRIP = NO;
				CURRENT_PROJECT_VERSION = 1;
				DEBUG_INFORMATION_FORMAT = dwarf;
				DEFINES_MODULE = YES;
				DYLIB_COMPATIBILITY_VERSION = 1;
				DYLIB_CURRENT_VERSION = 1;
				DYLIB_INSTALL_NAME_BASE = "@rpath";
				ENABLE_STRICT_OBJC_MSGSEND = YES;
				ENABLE_TESTABILITY = YES;
				GCC_C_LANGUAGE_STANDARD = gnu99;
				GCC_DYNAMIC_NO_PIC = NO;
				GCC_NO_COMMON_BLOCKS = YES;
				GCC_OPTIMIZATION_LEVEL = 0;
				GCC_PREPROCESSOR_DEFINITIONS = (
					"DEBUG=1",
					"$(inherited)",
				);
				GCC_WARN_64_TO_32_BIT_CONVERSION = YES;
				GCC_WARN_ABOUT_RETURN_TYPE = YES_ERROR;
				GCC_WARN_UNDECLARED_SELECTOR = YES;
				GCC_WARN_UNINITIALIZED_AUTOS = YES_AGGRESSIVE;
				GCC_WARN_UNUSED_FUNCTION = YES;
				GCC_WARN_UNUSED_VARIABLE = YES;
				INFOPLIST_FILE = "Sources/Info-iOS.plist";
				INSTALL_PATH = "$(LOCAL_LIBRARY_DIR)/Frameworks";
				IPHONEOS_DEPLOYMENT_TARGET = 8.0;
				LD_RUNPATH_SEARCH_PATHS = "$(inherited) @executable_path/Frameworks @loader_path/Frameworks";
				MTL_ENABLE_DEBUG_INFO = YES;
				ONLY_ACTIVE_ARCH = YES;
				PRODUCT_BUNDLE_IDENTIFIER = "com.kumulos.KumulosSDK-iOS";
				PRODUCT_NAME = KumulosSDK;
				SDKROOT = iphoneos;
				SKIP_INSTALL = YES;
				TARGETED_DEVICE_FAMILY = "1,2";
				VERSIONING_SYSTEM = "apple-generic";
				VERSION_INFO_PREFIX = "";
			};
			name = Debug;
		};
		12735B5E1E4CDD3100ED4488 /* Release */ = {
			isa = XCBuildConfiguration;
			buildSettings = {
				ALWAYS_SEARCH_USER_PATHS = NO;
				CLANG_ANALYZER_NONNULL = YES;
				CLANG_CXX_LANGUAGE_STANDARD = "gnu++0x";
				CLANG_CXX_LIBRARY = "libc++";
				CLANG_ENABLE_MODULES = YES;
				CLANG_ENABLE_OBJC_ARC = YES;
				CLANG_WARN_BOOL_CONVERSION = YES;
				CLANG_WARN_CONSTANT_CONVERSION = YES;
				CLANG_WARN_DIRECT_OBJC_ISA_USAGE = YES_ERROR;
				CLANG_WARN_DOCUMENTATION_COMMENTS = YES;
				CLANG_WARN_EMPTY_BODY = YES;
				CLANG_WARN_ENUM_CONVERSION = YES;
				CLANG_WARN_INFINITE_RECURSION = YES;
				CLANG_WARN_INT_CONVERSION = YES;
				CLANG_WARN_OBJC_ROOT_CLASS = YES_ERROR;
				CLANG_WARN_SUSPICIOUS_MOVE = YES;
				CLANG_WARN_UNGUARDED_AVAILABILITY = YES_AGGRESSIVE;
				CLANG_WARN_UNREACHABLE_CODE = YES;
				CLANG_WARN__DUPLICATE_METHOD_MATCH = YES;
				COPY_PHASE_STRIP = NO;
				CURRENT_PROJECT_VERSION = 1;
				DEBUG_INFORMATION_FORMAT = "dwarf-with-dsym";
				DEFINES_MODULE = YES;
				DYLIB_COMPATIBILITY_VERSION = 1;
				DYLIB_CURRENT_VERSION = 1;
				DYLIB_INSTALL_NAME_BASE = "@rpath";
				ENABLE_NS_ASSERTIONS = NO;
				ENABLE_STRICT_OBJC_MSGSEND = YES;
				GCC_C_LANGUAGE_STANDARD = gnu99;
				GCC_NO_COMMON_BLOCKS = YES;
				GCC_WARN_64_TO_32_BIT_CONVERSION = YES;
				GCC_WARN_ABOUT_RETURN_TYPE = YES_ERROR;
				GCC_WARN_UNDECLARED_SELECTOR = YES;
				GCC_WARN_UNINITIALIZED_AUTOS = YES_AGGRESSIVE;
				GCC_WARN_UNUSED_FUNCTION = YES;
				GCC_WARN_UNUSED_VARIABLE = YES;
				INFOPLIST_FILE = "Sources/Info-iOS.plist";
				INSTALL_PATH = "$(LOCAL_LIBRARY_DIR)/Frameworks";
				IPHONEOS_DEPLOYMENT_TARGET = 8.0;
				LD_RUNPATH_SEARCH_PATHS = "$(inherited) @executable_path/Frameworks @loader_path/Frameworks";
				MTL_ENABLE_DEBUG_INFO = NO;
				PRODUCT_BUNDLE_IDENTIFIER = "com.kumulos.KumulosSDK-iOS";
				PRODUCT_NAME = KumulosSDK;
				SDKROOT = iphoneos;
				SKIP_INSTALL = YES;
				TARGETED_DEVICE_FAMILY = "1,2";
				VALIDATE_PRODUCT = YES;
				VERSIONING_SYSTEM = "apple-generic";
				VERSION_INFO_PREFIX = "";
			};
			name = Release;
		};
		12735B871E4CDDB500ED4488 /* Debug */ = {
			isa = XCBuildConfiguration;
			buildSettings = {
				ALWAYS_SEARCH_USER_PATHS = NO;
				CLANG_ANALYZER_NONNULL = YES;
				CLANG_CXX_LANGUAGE_STANDARD = "gnu++0x";
				CLANG_CXX_LIBRARY = "libc++";
				CLANG_ENABLE_MODULES = YES;
				CLANG_ENABLE_OBJC_ARC = YES;
				CLANG_WARN_BOOL_CONVERSION = YES;
				CLANG_WARN_CONSTANT_CONVERSION = YES;
				CLANG_WARN_DIRECT_OBJC_ISA_USAGE = YES_ERROR;
				CLANG_WARN_DOCUMENTATION_COMMENTS = YES;
				CLANG_WARN_EMPTY_BODY = YES;
				CLANG_WARN_ENUM_CONVERSION = YES;
				CLANG_WARN_INFINITE_RECURSION = YES;
				CLANG_WARN_INT_CONVERSION = YES;
				CLANG_WARN_OBJC_ROOT_CLASS = YES_ERROR;
				CLANG_WARN_SUSPICIOUS_MOVE = YES;
				CLANG_WARN_UNREACHABLE_CODE = YES;
				CLANG_WARN__DUPLICATE_METHOD_MATCH = YES;
				COMBINE_HIDPI_IMAGES = YES;
				COPY_PHASE_STRIP = NO;
				CURRENT_PROJECT_VERSION = 1;
				DEBUG_INFORMATION_FORMAT = dwarf;
				DEFINES_MODULE = YES;
				DYLIB_COMPATIBILITY_VERSION = 1;
				DYLIB_CURRENT_VERSION = 1;
				DYLIB_INSTALL_NAME_BASE = "@rpath";
				ENABLE_STRICT_OBJC_MSGSEND = YES;
				ENABLE_TESTABILITY = YES;
				FRAMEWORK_VERSION = A;
				GCC_C_LANGUAGE_STANDARD = gnu99;
				GCC_DYNAMIC_NO_PIC = NO;
				GCC_NO_COMMON_BLOCKS = YES;
				GCC_OPTIMIZATION_LEVEL = 0;
				GCC_PREPROCESSOR_DEFINITIONS = (
					"DEBUG=1",
					"$(inherited)",
				);
				GCC_WARN_64_TO_32_BIT_CONVERSION = YES;
				GCC_WARN_ABOUT_RETURN_TYPE = YES_ERROR;
				GCC_WARN_UNDECLARED_SELECTOR = YES;
				GCC_WARN_UNINITIALIZED_AUTOS = YES_AGGRESSIVE;
				GCC_WARN_UNUSED_FUNCTION = YES;
				GCC_WARN_UNUSED_VARIABLE = YES;
				INFOPLIST_FILE = "Sources/Info-macOS.plist";
				INSTALL_PATH = "$(LOCAL_LIBRARY_DIR)/Frameworks";
				LD_RUNPATH_SEARCH_PATHS = "$(inherited) @executable_path/../Frameworks @loader_path/Frameworks";
				MACOSX_DEPLOYMENT_TARGET = 10.12;
				MTL_ENABLE_DEBUG_INFO = YES;
				ONLY_ACTIVE_ARCH = YES;
				PRODUCT_BUNDLE_IDENTIFIER = "com.kumulos.KumulosSDK-macOS";
				PRODUCT_NAME = KumulosSDK;
				SDKROOT = macosx;
				SKIP_INSTALL = YES;
				VERSIONING_SYSTEM = "apple-generic";
				VERSION_INFO_PREFIX = "";
			};
			name = Debug;
		};
		12735B881E4CDDB500ED4488 /* Release */ = {
			isa = XCBuildConfiguration;
			buildSettings = {
				ALWAYS_SEARCH_USER_PATHS = NO;
				CLANG_ANALYZER_NONNULL = YES;
				CLANG_CXX_LANGUAGE_STANDARD = "gnu++0x";
				CLANG_CXX_LIBRARY = "libc++";
				CLANG_ENABLE_MODULES = YES;
				CLANG_ENABLE_OBJC_ARC = YES;
				CLANG_WARN_BOOL_CONVERSION = YES;
				CLANG_WARN_CONSTANT_CONVERSION = YES;
				CLANG_WARN_DIRECT_OBJC_ISA_USAGE = YES_ERROR;
				CLANG_WARN_DOCUMENTATION_COMMENTS = YES;
				CLANG_WARN_EMPTY_BODY = YES;
				CLANG_WARN_ENUM_CONVERSION = YES;
				CLANG_WARN_INFINITE_RECURSION = YES;
				CLANG_WARN_INT_CONVERSION = YES;
				CLANG_WARN_OBJC_ROOT_CLASS = YES_ERROR;
				CLANG_WARN_SUSPICIOUS_MOVE = YES;
				CLANG_WARN_UNREACHABLE_CODE = YES;
				CLANG_WARN__DUPLICATE_METHOD_MATCH = YES;
				COMBINE_HIDPI_IMAGES = YES;
				COPY_PHASE_STRIP = NO;
				CURRENT_PROJECT_VERSION = 1;
				DEBUG_INFORMATION_FORMAT = "dwarf-with-dsym";
				DEFINES_MODULE = YES;
				DYLIB_COMPATIBILITY_VERSION = 1;
				DYLIB_CURRENT_VERSION = 1;
				DYLIB_INSTALL_NAME_BASE = "@rpath";
				ENABLE_NS_ASSERTIONS = NO;
				ENABLE_STRICT_OBJC_MSGSEND = YES;
				FRAMEWORK_VERSION = A;
				GCC_C_LANGUAGE_STANDARD = gnu99;
				GCC_NO_COMMON_BLOCKS = YES;
				GCC_WARN_64_TO_32_BIT_CONVERSION = YES;
				GCC_WARN_ABOUT_RETURN_TYPE = YES_ERROR;
				GCC_WARN_UNDECLARED_SELECTOR = YES;
				GCC_WARN_UNINITIALIZED_AUTOS = YES_AGGRESSIVE;
				GCC_WARN_UNUSED_FUNCTION = YES;
				GCC_WARN_UNUSED_VARIABLE = YES;
				INFOPLIST_FILE = "Sources/Info-macOS.plist";
				INSTALL_PATH = "$(LOCAL_LIBRARY_DIR)/Frameworks";
				LD_RUNPATH_SEARCH_PATHS = "$(inherited) @executable_path/../Frameworks @loader_path/Frameworks";
				MACOSX_DEPLOYMENT_TARGET = 10.12;
				MTL_ENABLE_DEBUG_INFO = NO;
				PRODUCT_BUNDLE_IDENTIFIER = "com.kumulos.KumulosSDK-macOS";
				PRODUCT_NAME = KumulosSDK;
				SDKROOT = macosx;
				SKIP_INSTALL = YES;
				VERSIONING_SYSTEM = "apple-generic";
				VERSION_INFO_PREFIX = "";
			};
			name = Release;
		};
/* End XCBuildConfiguration section */

/* Begin XCConfigurationList section */
		12735B421E4CDCA700ED4488 /* Build configuration list for PBXProject "KumulosSDK" */ = {
			isa = XCConfigurationList;
			buildConfigurations = (
				12735B431E4CDCA700ED4488 /* Debug */,
				12735B441E4CDCA700ED4488 /* Release */,
			);
			defaultConfigurationIsVisible = 0;
			defaultConfigurationName = Release;
		};
		12735B5C1E4CDD3100ED4488 /* Build configuration list for PBXNativeTarget "KumulosSDK iOS" */ = {
			isa = XCConfigurationList;
			buildConfigurations = (
				12735B5D1E4CDD3100ED4488 /* Debug */,
				12735B5E1E4CDD3100ED4488 /* Release */,
			);
			defaultConfigurationIsVisible = 0;
			defaultConfigurationName = Release;
		};
		12735B861E4CDDB500ED4488 /* Build configuration list for PBXNativeTarget "KumulosSDK macOS" */ = {
			isa = XCConfigurationList;
			buildConfigurations = (
				12735B871E4CDDB500ED4488 /* Debug */,
				12735B881E4CDDB500ED4488 /* Release */,
			);
			defaultConfigurationIsVisible = 0;
			defaultConfigurationName = Release;
		};
/* End XCConfigurationList section */

/* Begin XCVersionGroup section */
		12577D761FDFF01300218A06 /* KAnalyticsModel.xcdatamodeld */ = {
			isa = XCVersionGroup;
			children = (
				12577D771FDFF01300218A06 /* KAnalyticsModel.xcdatamodel */,
			);
			currentVersion = 12577D771FDFF01300218A06 /* KAnalyticsModel.xcdatamodel */;
			path = KAnalyticsModel.xcdatamodeld;
			sourceTree = "<group>";
			versionGroupType = wrapper.xcdatamodel;
		};
/* End XCVersionGroup section */
	};
	rootObject = 12735B3F1E4CDCA700ED4488 /* Project object */;
}
